{"SurveyEntry": {"SurveyID": "SV_8GhqEIrgTKs4Fi6", "SurveyName": "Agonistic Humor - Pre-Survey", "SurveyDescription": null, "SurveyOwnerID": "UR_5nXfuGgR8IBGVw2", "SurveyBrandID": "uwashington", "DivisionID": "DV_6xONfNa13H3xvo2", "SurveyLanguage": "EN", "SurveyActiveResponseSet": "RS_71ZiAQbGitUuAzI", "SurveyStatus": "Inactive", "SurveyStartDate": "0000-00-00 00:00:00", "SurveyExpirationDate": "0000-00-00 00:00:00", "SurveyCreationDate": "2026-07-06 22:46:31", "CreatorID": "UR_5nXfuGgR8IBGVw2", "LastModified": "2026-07-07 16:14:28", "LastAccessed": "0000-00-00 00:00:00", "LastActivated": "0000-00-00 00:00:00", "Deleted": null}, "SurveyElements": [{"SurveyID": "SV_8GhqEIrgTKs4Fi6", "Element": "BL", "PrimaryAttribute": "Survey Blocks", "SecondaryAttribute": null, "TertiaryAttribute": null, "Payload": [{"Type": "Default", "Description": "Pre-Survey", "ID": "BL_1YYMctTJ5XQoFpk", "BlockElements": [{"Type": "Question", "QuestionID": "QID1"}, {"Type": "Question", "QuestionID": "QID2"}, {"Type": "Question", "QuestionID": "QID3"}]}, {"Type": "Trash", "Description": "Trash / Unused Questions", "ID": "BL_3PEG9nmPKd3Uc6O", "BlockElements": [{"Type": "Question", "QuestionID": "QID4"}, {"Type": "Question", "QuestionID": "QID8"}, {"Type": "Question", "QuestionID": "QID10"}, {"Type": "Question", "QuestionID": "QID9"}]}, {"Type": "Standard", "SubType": "", "Description": "Political Polarization Questions", "ID": "BL_0uLqy7NBavYvXMO", "BlockElements": [{"Type": "Question", "QuestionID": "QID7"}, {"Type": "Question", "QuestionID": "QID18"}, {"Type": "Question", "QuestionID": "QID11"}, {"Type": "Question", "QuestionID": "QID12"}, {"Type": "Question", "QuestionID": "QID13"}, {"Type": "Question", "QuestionID": "QID14"}, {"Type": "Question", "QuestionID": "QID15"}, {"Type": "Question", "QuestionID": "QID16"}]}, {"Type": "Standard", "SubType": "", "Description": "Political Engagement Questions", "ID": "BL_0Ms4G0sT5L1K0h8", "BlockElements": [{"Type": "Question", "QuestionID": "QID5"}, {"Type": "Question", "QuestionID": "QID17"}, {"Type": "Question", "QuestionID": "QID6"}]}]}, {"SurveyID": "SV_8GhqEIrgTKs4Fi6", "Element": "FL", "PrimaryAttribute": "Survey Flow", "SecondaryAttribute": null, "TertiaryAttribute": null, "Payload": {"Flow": [{"Type": "EmbeddedData", "FlowID": "FL_ED1", "EmbeddedData": [{"Description": "PROLIFIC_PID", "Type": "Recipient", "Field": "PROLIFIC_PID", "VariableType": "String", "DataVisibility": [], "AnalyzeText": false}, {"Description": "cc", "Type": "Recipient", "Field": "cc", "VariableType": "String", "DataVisibility": [], "AnalyzeText": false}]}, {"ID": "BL_1YYMctTJ5XQoFpk", "Type": "Block", "FlowID": "FL_2"}, {"ID": "BL_0Ms4G0sT5L1K0h8", "Type": "Standard", "FlowID": "FL_4"}, {"ID": "BL_0uLqy7NBavYvXMO", "Type": "Standard", "FlowID": "FL_3"}], "Properties": {"Count": 5}, "FlowID": "FL_1", "Type": "Root"}}, {"SurveyID": "SV_8GhqEIrgTKs4Fi6", "Element": "PL", "PrimaryAttribute": "Preview Link", "SecondaryAttribute": null, "TertiaryAttribute": null, "Payload": {"PreviewType": "Brand", "PreviewID": "148d0d71-7ac8-45a5-a576-b6981df35f86"}}, {"SurveyID": "SV_8GhqEIrgTKs4Fi6", "Element": "PROJ", "PrimaryAttribute": "CORE", "SecondaryAttribute": null, "TertiaryAttribute": "1.1.0", "Payload": {"ProjectCategory": "CORE", "SchemaVersion": "1.1.0"}}, {"SurveyID": "SV_8GhqEIrgTKs4Fi6", "Element": "QC", "PrimaryAttribute": "Survey Question Count", "SecondaryAttribute": "18", "TertiaryAttribute": null, "Payload": null}, {"SurveyID": "SV_8GhqEIrgTKs4Fi6", "Element": "RS", "PrimaryAttribute": "RS_71ZiAQbGitUuAzI", "SecondaryAttribute": "Default Response Set", "TertiaryAttribute": null, "Payload": null}, {"SurveyID": "SV_8GhqEIrgTKs4Fi6", "Element": "SCO", "PrimaryAttribute": "Scoring", "SecondaryAttribute": null, "TertiaryAttribute": null, "Payload": {"ScoringCategories": [], "ScoringCategoryGroups": [], "ScoringSummaryCategory": null, "ScoringSummaryAfterQuestions": 0, "ScoringSummaryAfterSurvey": 0, "DefaultScoringCategory": null, "AutoScoringCategory": null}}, {"SurveyID": "SV_8GhqEIrgTKs4Fi6", "Element": "SO", "PrimaryAttribute": "Survey Options", "SecondaryAttribute": null, "TertiaryAttribute": null, "Payload": {"BackButton": "false", "SaveAndContinue": "true", "SurveyProtection": "PublicSurvey", "BallotBoxStuffingPrevention": "false", "NoIndex": "Yes", "SecureResponseFiles": "true", "SurveyExpiration": "None", "SurveyTermination": "Redirect", "Header": "", "Footer": "", "ProgressBarDisplay": "None", "PartialData": "+1 week", "ValidationMessage": "", "PreviousButton": "", "NextButton": "", "SurveyTitle": "Qualtrics Survey | Qualtrics Experience Management", "SkinLibrary": "uwashington", "SkinType": "component", "Skin": {"brandingId": "7272950157", "templateId": "*simple", "overrides": null}, "NewScoring": 1, "SurveyMetaDescription": "The most powerful, simple and trusted way to gather experience data. Start your journey to experience management and try a free account today.", "SurveyName": "Agonistic Humor - Pre-Survey", "EOSRedirectURL": "https://app.prolific.com/submissions/complete?cc=${e://Field/cc}", "AnonymizeResponse": "No"}}, {"SurveyID": "SV_8GhqEIrgTKs4Fi6", "Element": "SQ", "PrimaryAttribute": "QID1", "SecondaryAttribute": "Which political party do you most identify with? (This information is only collected for the purp...", "TertiaryAttribute": null, "Payload": {"QuestionText": "Which political party do you <i>most</i> identify with?<br><br><i>(This information is only collected for the purpose of personalizing survey question wording)</i>", "DataExportTag": "Q1.1", "QuestionType": "MC", "Selector": "SAVR", "SubSelector": "TX", "DataVisibility": {"Private": false, "Hidden": false}, "Configuration": {"QuestionDescriptionOption": "UseText"}, "QuestionDescription": "Which political party do you most identify with? (This information is only collected for the purp...", "Choices": {"1": {"Display": "Democrat"}, "2": {"Display": "Republican"}}, "ChoiceOrder": [1, 2], "Validation": {"Settings": {"ForceResponse": "ON", "ForceResponseType": "ON", "Type": "None"}}, "Language": [], "NextChoiceId": 3, "NextAnswerId": 1, "QuestionID": "QID1"}}, {"SurveyID": "SV_8GhqEIrgTKs4Fi6", "Element": "SQ", "PrimaryAttribute": "QID10", "SecondaryAttribute": "Click to write the question text", "TertiaryAttribute": null, "Payload": {"QuestionText": "Click to write the question text", "DefaultChoices": false, "DataExportTag": "Q10", "QuestionType": "Slider", "Selector": "NumberScale", "DataVisibility": {"Private": false, "Hidden": false}, "Configuration": {"QuestionDescriptionOption": "UseText", "TextPosition": "above", "ShowValue": true, "ShowStatements": true, "StartingValue": 0, "NumScalePoints": 11}, "QuestionDescription": "Click to write the question text", "Choices": {"1": {"Display": "Click to write Choice 1"}, "2": {"Display": "Click to write Choice 2"}, "3": {"Display": "Click to write Choice 3"}}, "ChoiceOrder": ["1", "2", "3"], "Validation": {"Settings": {"ForceResponse": "OFF", "Type": "None"}}, "GradingData": [], "Language": [], "NextChoiceId": 4, "NextAnswerId": 1, "Labels": [], "ChoiceDataExportTags": false, "QuestionID": "QID10"}}, {"SurveyID": "SV_8GhqEIrgTKs4Fi6", "Element": "SQ", "PrimaryAttribute": "QID11", "SecondaryAttribute": "Rate your agreement with the following statement: It is acceptable to manipulate political proced...", "TertiaryAttribute": null, "Payload": {"QuestionText": "Rate your agreement with the following statement: It is acceptable to manipulate political procedures to exclude ${q://QID1/ChoiceGroup/UnselectedChoices}s from participating.", "DefaultChoices": false, "DataExportTag": "Q3.3", "QuestionType": "Slider", "Selector": "NumberScale", "DataVisibility": {"Private": false, "Hidden": false}, "Configuration": {"QuestionDescriptionOption": "UseText", "TextPosition": "above", "Autoscale": {"XScale": {"Name": "agreeDisagree", "Type": "likert", "Reverse": false}}, "ShowValue": true, "MobileFirst": false, "ShowStatements": true, "StartingValue": 0, "NumScalePoints": 11}, "QuestionDescription": "Rate your agreement with the following statement: It is acceptable to manipulate political proced...", "Choices": {"1": {"Display": "&nbsp;"}}, "ChoiceOrder": [1], "Validation": {"Settings": {"ForceResponse": "ON", "ForceResponseType": "ON", "Type": "None"}}, "GradingData": [], "Language": [], "NextChoiceId": 2, "NextAnswerId": 4, "Labels": {"1": {"Display": "Strongly disagree"}, "2": {"Display": "Neither agree nor disagree"}, "3": {"Display": "Strongly agree"}}, "ChoiceDataExportTags": false, "QuestionID": "QID11"}}, {"SurveyID": "SV_8GhqEIrgTKs4Fi6", "Element": "SQ", "PrimaryAttribute": "QID12", "SecondaryAttribute": "To help us validate survey data, please select \"Maybe\" in response to this question.", "TertiaryAttribute": null, "Payload": {"QuestionText": "To help us validate survey data, please select \"Maybe\" in response to this question.", "DefaultChoices": false, "DataExportTag": "Q3.4", "QuestionType": "MC", "Selector": "SAVR", "SubSelector": "TX", "DataVisibility": {"Private": false, "Hidden": false}, "Configuration": {"QuestionDescriptionOption": "UseText", "Autoscale": {"YScale": {"Name": "yesNo", "Type": "likert", "Reverse": true}}}, "QuestionDescription": "To help us validate survey data, please select \"Maybe\" in response to this question.", "Choices": {"1": {"Display": "Yes"}, "2": {"Display": "Maybe"}, "3": {"Display": "No"}}, "ChoiceOrder": ["1", "2", "3"], "Validation": {"Settings": {"ForceResponse": "ON", "ForceResponseType": "ON", "Type": "None"}}, "GradingData": [], "Language": [], "NextChoiceId": 4, "NextAnswerId": 1, "QuestionID": "QID12"}}, {"SurveyID": "SV_8GhqEIrgTKs4Fi6", "Element": "SQ", "PrimaryAttribute": "QID13", "SecondaryAttribute": "Please indicate how you feel toward ${q://QID1/ChoiceGroup/SelectedChoices}s using the scale below.", "TertiaryAttribute": null, "Payload": {"QuestionText": "Please indicate how you feel toward ${q://QID1/ChoiceGroup/SelectedChoices}s using the scale below.", "DefaultChoices": false, "DataExportTag": "Q3.5", "QuestionType": "Slider", "Selector": "NumberScale", "DataVisibility": {"Private": false, "Hidden": false}, "Configuration": {"QuestionDescriptionOption": "UseText", "TextPosition": "above", "ShowValue": true, "ShowStatements": true, "StartingValue": 0, "NumScalePoints": 11, "MobileFirst": false}, "QuestionDescription": "Please indicate how you feel toward ${q://QID1/ChoiceGroup/SelectedChoices}s using the scale below.", "Choices": {"1": {"Display": "&nbsp;"}}, "ChoiceOrder": [1], "Validation": {"Settings": {"ForceResponse": "ON", "ForceResponseType": "ON", "Type": "None"}}, "GradingData": [], "Language": [], "NextChoiceId": 2, "NextAnswerId": 4, "Labels": {"1": {"Display": "Very unfavorably"}, "2": {"Display": "Neither favorably nor unfavorably"}, "3": {"Display": "Very favorably"}}, "ChoiceDataExportTags": false, "QuestionID": "QID13"}}, {"SurveyID": "SV_8GhqEIrgTKs4Fi6", "Element": "SQ", "PrimaryAttribute": "QID14", "SecondaryAttribute": "Please indicate how you feel toward ${q://QID1/ChoiceGroup/UnselectedChoices}s using the scale be...", "TertiaryAttribute": null, "Payload": {"QuestionText": "Please indicate how you feel toward ${q://QID1/ChoiceGroup/UnselectedChoices}s using the scale below.", "DefaultChoices": false, "DataExportTag": "Q3.6", "QuestionType": "Slider", "Selector": "NumberScale", "DataVisibility": {"Private": false, "Hidden": false}, "Configuration": {"QuestionDescriptionOption": "UseText", "TextPosition": "above", "ShowValue": true, "MobileFirst": false, "ShowStatements": true, "StartingValue": 0, "NumScalePoints": 11}, "QuestionDescription": "Please indicate how you feel toward ${q://QID1/ChoiceGroup/UnselectedChoices}s using the scale be...", "Choices": {"1": {"Display": "&nbsp;"}}, "ChoiceOrder": [1], "Validation": {"Settings": {"ForceResponse": "ON", "ForceResponseType": "ON", "Type": "None"}}, "GradingData": [], "Language": [], "NextChoiceId": 2, "NextAnswerId": 4, "Labels": {"1": {"Display": "Very unfavorably"}, "2": {"Display": "Neither favorably nor unfavorably"}, "3": {"Display": "Very favorably"}}, "ChoiceDataExportTags": false, "QuestionID": "QID14"}}, {"SurveyID": "SV_8GhqEIrgTKs4Fi6", "Element": "SQ", "PrimaryAttribute": "QID15", "SecondaryAttribute": "How comfortable are you having friends who are ${q://QID1/ChoiceGroup/SelectedChoices}s?", "TertiaryAttribute": null, "Payload": {"QuestionText": "How comfortable are you having friends who are ${q://QID1/ChoiceGroup/SelectedChoices}s?", "DefaultChoices": false, "DataExportTag": "Q3.7", "QuestionType": "Slider", "Selector": "NumberScale", "DataVisibility": {"Private": false, "Hidden": false}, "Configuration": {"QuestionDescriptionOption": "UseText", "TextPosition": "above", "ShowValue": true, "ShowStatements": true, "StartingValue": 0, "NumScalePoints": 11, "Autoscale": {"XScale": {"Name": "ComfortableUncomfortable", "Type": "likert", "Reverse": false}}, "MobileFirst": false}, "QuestionDescription": "How comfortable are you having friends who are ${q://QID1/ChoiceGroup/SelectedChoices}s?", "Choices": {"1": {"Display": "&nbsp;"}}, "ChoiceOrder": [1], "Validation": {"Settings": {"ForceResponse": "ON", "ForceResponseType": "ON", "Type": "None"}}, "GradingData": [], "Language": [], "NextChoiceId": 2, "NextAnswerId": 4, "Labels": {"1": {"Display": "Extremely uncomfortable"}, "2": {"Display": "Neither comfortable nor uncomfortable"}, "3": {"Display": "Extremely comfortable"}}, "ChoiceDataExportTags": false, "QuestionID": "QID15"}}, {"SurveyID": "SV_8GhqEIrgTKs4Fi6", "Element": "SQ", "PrimaryAttribute": "QID16", "SecondaryAttribute": "How comfortable are you having friends who are ${q://QID1/ChoiceGroup/UnselectedChoices}s?", "TertiaryAttribute": null, "Payload": {"QuestionText": "How comfortable are you having friends who are ${q://QID1/ChoiceGroup/UnselectedChoices}s?", "DefaultChoices": false, "DataExportTag": "Q3.8", "QuestionType": "Slider", "Selector": "NumberScale", "DataVisibility": {"Private": false, "Hidden": false}, "Configuration": {"QuestionDescriptionOption": "UseText", "TextPosition": "above", "Autoscale": {"XScale": {"Name": "ComfortableUncomfortable", "Type": "likert", "Reverse": false}}, "ShowValue": true, "MobileFirst": false, "ShowStatements": true, "StartingValue": 0, "NumScalePoints": 11}, "QuestionDescription": "How comfortable are you having friends who are ${q://QID1/ChoiceGroup/UnselectedChoices}s?", "Choices": {"1": {"Display": "&nbsp;"}}, "ChoiceOrder": [1], "Validation": {"Settings": {"ForceResponse": "ON", "ForceResponseType": "ON", "Type": "None"}}, "GradingData": [], "Language": [], "NextChoiceId": 2, "NextAnswerId": 4, "Labels": {"1": {"Display": "Extremely uncomfortable"}, "2": {"Display": "Neither comfortable nor uncomfortable"}, "3": {"Display": "Extremely comfortable"}}, "ChoiceDataExportTags": false, "QuestionID": "QID16"}}, {"SurveyID": "SV_8GhqEIrgTKs4Fi6", "Element": "SQ", "PrimaryAttribute": "QID17", "SecondaryAttribute": "To help us validate survey data, please select \"No\" in response to this question.", "TertiaryAttribute": null, "Payload": {"QuestionText": "To help us validate survey data, please select \"No\" in response to this question.", "DataExportTag": "Q2.2", "QuestionType": "MC", "Selector": "SAVR", "SubSelector": "TX", "DataVisibility": {"Private": false, "Hidden": false}, "Configuration": {"QuestionDescriptionOption": "UseText", "Autoscale": {"YScale": {"Name": "yesNo", "Type": "likert", "Reverse": true}}}, "QuestionDescription": "To help us validate survey data, please select \"No\" in response to this question.", "Choices": {"1": {"Display": "Yes"}, "2": {"Display": "Maybe"}, "3": {"Display": "No"}}, "ChoiceOrder": ["1", "2", "3"], "Validation": {"Settings": {"ForceResponse": "ON", "ForceResponseType": "ON", "Type": "None"}}, "Language": [], "NextChoiceId": 4, "NextAnswerId": 1, "QuestionID": "QID17"}}, {"SurveyID": "SV_8GhqEIrgTKs4Fi6", "Element": "SQ", "PrimaryAttribute": "QID18", "SecondaryAttribute": "Rate your agrement with the following statement: It is justified for ...", "TertiaryAttribute": null, "Payload": {"QuestionText": "Rate your agrement with the following statement: It is justified for ${q://QID1/ChoiceGroup/SelectedChoices}s to use violence in advancing their political goals these days.", "DefaultChoices": false, "DataExportTag": "Q3.2", "QuestionType": "Slider", "Selector": "NumberScale", "DataVisibility": {"Private": false, "Hidden": false}, "Configuration": {"QuestionDescriptionOption": "UseText", "TextPosition": "above", "Autoscale": {"XScale": {"Name": "agreeDisagree", "Type": "likert", "Reverse": false}}, "ShowValue": true, "MobileFirst": false, "ShowStatements": true, "StartingValue": 0, "NumScalePoints": 11}, "QuestionDescription": "Rate your agrement with the following statement: It is justified for ...", "Choices": {"1": {"Display": "&nbsp;"}}, "ChoiceOrder": [1], "Validation": {"Settings": {"ForceResponse": "ON", "ForceResponseType": "ON", "Type": "None"}}, "GradingData": [], "Language": [], "NextChoiceId": 2, "NextAnswerId": 4, "Labels": {"1": {"Display": "Strongly disagree"}, "2": {"Display": "Neither agree nor disagree"}, "3": {"Display": "Strongly agree"}}, "ChoiceDataExportTags": false, "QuestionID": "QID18"}}, {"SurveyID": "SV_8GhqEIrgTKs4Fi6", "Element": "SQ", "PrimaryAttribute": "QID2", "SecondaryAttribute": "Rate the strength of your identification with the political party you selected above.", "TertiaryAttribute": null, "Payload": {"QuestionText": "Rate the strength of your identification with the political party you selected above.", "DefaultChoices": false, "DataExportTag": "Q1.2", "QuestionType": "Slider", "Selector": "NumberScale", "DataVisibility": {"Private": false, "Hidden": false}, "Configuration": {"QuestionDescriptionOption": "UseText", "TextPosition": "above", "ShowValue": true, "ShowStatements": true, "StartingValue": 0, "NumScalePoints": 11, "MobileFirst": false}, "QuestionDescription": "Rate the strength of your identification with the political party you selected above.", "Choices": {"1": {"Display": "&nbsp;"}}, "ChoiceOrder": [1], "Validation": {"Settings": {"ForceResponse": "ON", "ForceResponseType": "ON", "Type": "None"}}, "GradingData": [], "Language": [], "NextChoiceId": 2, "NextAnswerId": 4, "Labels": {"1": {"Display": "Very weak"}, "2": {"Display": "Moderate"}, "3": {"Display": "Very strong"}}, "ChoiceDataExportTags": false, "QuestionID": "QID2"}}, {"SurveyID": "SV_8GhqEIrgTKs4Fi6", "Element": "SQ", "PrimaryAttribute": "QID3", "SecondaryAttribute": "To help us validate survey data, please select \"Yes\" in response to this question.", "TertiaryAttribute": null, "Payload": {"QuestionText": "To help us validate survey data, please select \"Yes\" in response to this question.", "DefaultChoices": false, "DataExportTag": "Q1.3", "QuestionType": "MC", "Selector": "SAVR", "SubSelector": "TX", "DataVisibility": {"Private": false, "Hidden": false}, "Configuration": {"QuestionDescriptionOption": "UseText", "Autoscale": {"YScale": {"Name": "yesNo", "Type": "likert", "Reverse": true}}}, "QuestionDescription": "To help us validate survey data, please select \"Yes\" in response to this question.", "Choices": {"1": {"Display": "Yes"}, "2": {"Display": "Maybe"}, "3": {"Display": "No"}}, "ChoiceOrder": ["1", "2", "3"], "Validation": {"Settings": {"ForceResponse": "ON", "ForceResponseType": "ON", "Type": "None"}}, "GradingData": [], "Language": [], "NextChoiceId": 4, "NextAnswerId": 1, "QuestionID": "QID3"}}, {"SurveyID": "SV_8GhqEIrgTKs4Fi6", "Element": "SQ", "PrimaryAttribute": "QID4", "SecondaryAttribute": "Rate your agreement with the following statement: I feel able to engage in fact-checking posts th...", "TertiaryAttribute": null, "Payload": {"QuestionText": "Rate your agreement with the following statement: I feel able to engage in fact-checking posts that I disagree with on X.", "DefaultChoices": false, "DataExportTag": "Q4", "QuestionType": "Slider", "Selector": "NumberScale", "DataVisibility": {"Private": false, "Hidden": false}, "Configuration": {"QuestionDescriptionOption": "UseText", "TextPosition": "above", "ShowValue": true, "ShowStatements": true, "StartingValue": 0, "NumScalePoints": 11}, "QuestionDescription": "Rate your agreement with the following statement: I feel able to engage in fact-checking posts th...", "Choices": {"1": {"Display": "0 (Strongly Disagree) to 10 (Strongly Agree)"}}, "ChoiceOrder": [1], "Validation": {"Settings": {"ForceResponse": "OFF", "Type": "None"}}, "GradingData": [], "Language": [], "NextChoiceId": 2, "NextAnswerId": 1, "Labels": [], "ChoiceDataExportTags": false, "QuestionID": "QID4"}}, {"SurveyID": "SV_8GhqEIrgTKs4Fi6", "Element": "SQ", "PrimaryAttribute": "QID5", "SecondaryAttribute": "Rate your agreement with the following statement: I feel able to engage in fact-checking posts th...", "TertiaryAttribute": null, "Payload": {"QuestionText": "Rate your agreement with the following statement: I feel able to engage in fact-checking posts that I disagree with on X.", "DefaultChoices": false, "DataExportTag": "Q2.1", "QuestionType": "Slider", "Selector": "NumberScale", "DataVisibility": {"Private": false, "Hidden": false}, "Configuration": {"QuestionDescriptionOption": "UseText", "TextPosition": "above", "ShowValue": true, "ShowStatements": true, "StartingValue": 0, "NumScalePoints": 11, "Autoscale": {"XScale": {"Name": "agreeDisagree", "Type": "likert", "Reverse": false}}, "MobileFirst": false}, "QuestionDescription": "Rate your agreement with the following statement: I feel able to engage in fact-checking posts th...", "Choices": {"1": {"Display": "&nbsp;"}}, "ChoiceOrder": [1], "Validation": {"Settings": {"ForceResponse": "ON", "ForceResponseType": "ON", "Type": "None"}}, "GradingData": [], "Language": [], "NextChoiceId": 2, "NextAnswerId": 4, "Labels": {"1": {"Display": "Strongly disagree"}, "2": {"Display": "Neither agree nor disagree"}, "3": {"Display": "Strongly agree"}}, "ChoiceDataExportTags": false, "QuestionID": "QID5"}}, {"SurveyID": "SV_8GhqEIrgTKs4Fi6", "Element": "SQ", "PrimaryAttribute": "QID6", "SecondaryAttribute": "Rate your agrement with the following statement: I am able to make change through political proce...", "TertiaryAttribute": null, "Payload": {"QuestionText": "Rate your agrement with the following statement: I am able to make change through political processes like voting.", "DefaultChoices": false, "DataExportTag": "Q2.3", "QuestionType": "Slider", "Selector": "NumberScale", "DataVisibility": {"Private": false, "Hidden": false}, "Configuration": {"QuestionDescriptionOption": "UseText", "TextPosition": "above", "Autoscale": {"XScale": {"Name": "agreeDisagree", "Type": "likert", "Reverse": false}}, "ShowValue": true, "MobileFirst": false, "ShowStatements": true, "StartingValue": 0, "NumScalePoints": 11}, "QuestionDescription": "Rate your agrement with the following statement: I am able to make change through political proce...", "Choices": {"1": {"Display": "&nbsp;"}}, "ChoiceOrder": [1], "Validation": {"Settings": {"ForceResponse": "ON", "ForceResponseType": "ON", "Type": "None"}}, "GradingData": [], "Language": [], "NextChoiceId": 2, "NextAnswerId": 4, "Labels": {"1": {"Display": "Strongly disagree"}, "2": {"Display": "Neither agree nor disagree"}, "3": {"Display": "Strongly agree"}}, "ChoiceDataExportTags": false, "QuestionID": "QID6"}}, {"SurveyID": "SV_8GhqEIrgTKs4Fi6", "Element": "SQ", "PrimaryAttribute": "QID7", "SecondaryAttribute": "Rate your agrement with the following statement: It is ok for ...", "TertiaryAttribute": null, "Payload": {"QuestionText": "Rate your agrement with the following statement: It is ok for&nbsp;${q://QID1/ChoiceGroup/SelectedChoices}s to send threatening and intimidating messages to&nbsp;${q://QID1/ChoiceGroup/UnselectedChoices} leaders.", "DefaultChoices": false, "DataExportTag": "Q3.1", "QuestionType": "Slider", "Selector": "NumberScale", "DataVisibility": {"Private": false, "Hidden": false}, "Configuration": {"QuestionDescriptionOption": "UseText", "TextPosition": "above", "ShowValue": true, "ShowStatements": true, "StartingValue": 0, "NumScalePoints": 11, "Autoscale": {"XScale": {"Name": "agreeDisagree", "Type": "likert", "Reverse": false}}, "MobileFirst": false}, "QuestionDescription": "Rate your agrement with the following statement: It is ok for ...", "Choices": {"1": {"Display": "&nbsp;"}}, "ChoiceOrder": [1], "Validation": {"Settings": {"ForceResponse": "ON", "ForceResponseType": "ON", "Type": "None"}}, "GradingData": [], "Language": [], "NextChoiceId": 2, "NextAnswerId": 4, "Labels": {"1": {"Display": "Strongly disagree"}, "2": {"Display": "Neither agree nor disagree"}, "3": {"Display": "Strongly agree"}}, "ChoiceDataExportTags": false, "QuestionID": "QID7"}}, {"SurveyID": "SV_8GhqEIrgTKs4Fi6", "Element": "SQ", "PrimaryAttribute": "QID8", "SecondaryAttribute": "Click to write the question text", "TertiaryAttribute": null, "Payload": {"QuestionText": "Click to write the question text", "DefaultChoices": false, "DataExportTag": "Q8", "QuestionType": "Slider", "Selector": "NumberScale", "DataVisibility": {"Private": false, "Hidden": false}, "Configuration": {"QuestionDescriptionOption": "UseText", "TextPosition": "above", "ShowValue": true, "ShowStatements": true, "StartingValue": 0, "NumScalePoints": 11}, "QuestionDescription": "Click to write the question text", "Choices": {"1": {"Display": "Click to write Choice 1"}, "2": {"Display": "Click to write Choice 2"}, "3": {"Display": "Click to write Choice 3"}}, "ChoiceOrder": ["1", "2", "3"], "Validation": {"Settings": {"ForceResponse": "OFF", "Type": "None"}}, "GradingData": [], "Language": [], "NextChoiceId": 4, "NextAnswerId": 1, "Labels": [], "ChoiceDataExportTags": false, "QuestionID": "QID8"}}, {"SurveyID": "SV_8GhqEIrgTKs4Fi6", "Element": "SQ", "PrimaryAttribute": "QID9", "SecondaryAttribute": "Rate your agrement with the following statement: It is ok for ...", "TertiaryAttribute": null, "Payload": {"QuestionText": "Rate your agrement with the following statement: It is ok for&nbsp;${q://QID1/ChoiceGroup/UnselectedChoices}s to send threatening and intimidating messages to&nbsp;${q://QID1/ChoiceGroup/UnselectedChoices} leaders.", "DefaultChoices": false, "DataExportTag": "Q9", "QuestionType": "Slider", "Selector": "NumberScale", "DataVisibility": {"Private": false, "Hidden": false}, "Configuration": {"QuestionDescriptionOption": "UseText", "TextPosition": "above", "Autoscale": {"XScale": {"Name": "agreeDisagree", "Type": "likert", "Reverse": false}}, "ShowValue": true, "MobileFirst": false, "ShowStatements": true, "StartingValue": 0, "NumScalePoints": 11}, "QuestionDescription": "Rate your agrement with the following statement: It is ok for ...", "Choices": {"1": {"Display": "Click to write Choice 1"}}, "ChoiceOrder": [1], "Validation": {"Settings": {"ForceResponse": "OFF", "Type": "None"}}, "GradingData": [], "Language": [], "NextChoiceId": 2, "NextAnswerId": 4, "Labels": {"1": {"Display": "Strongly disagree"}, "2": {"Display": "Neither agree nor disagree"}, "3": {"Display": "Strongly agree"}}, "ChoiceDataExportTags": false, "QuestionID": "QID9"}}, {"SurveyID": "SV_8GhqEIrgTKs4Fi6", "Element": "STAT", "PrimaryAttribute": "Survey Statistics", "SecondaryAttribute": null, "TertiaryAttribute": null, "Payload": {"MobileCompatible": false, "ID": "Survey Statistics"}}]}