{"SurveyEntry": {"SurveyID": "SV_9WXU1j9C0dHN5t4", "SurveyName": "Agonistic Humor - Daily Survey", "SurveyDescription": null, "SurveyOwnerID": "UR_5nXfuGgR8IBGVw2", "SurveyBrandID": "uwashington", "DivisionID": "DV_6xONfNa13H3xvo2", "SurveyLanguage": "EN", "SurveyActiveResponseSet": "RS_1U21strLC1hIXhc", "SurveyStatus": "Inactive", "SurveyStartDate": "0000-00-00 00:00:00", "SurveyExpirationDate": "0000-00-00 00:00:00", "SurveyCreationDate": "2026-07-07 16:01:07", "CreatorID": "UR_5nXfuGgR8IBGVw2", "LastModified": "2026-07-10 02:01:48", "LastAccessed": "0000-00-00 00:00:00", "LastActivated": "0000-00-00 00:00:00", "Deleted": null}, "SurveyElements": [{"SurveyID": "SV_9WXU1j9C0dHN5t4", "Element": "BL", "PrimaryAttribute": "Survey Blocks", "SecondaryAttribute": null, "TertiaryAttribute": null, "Payload": [{"Type": "Default", "Description": "Default Question Block", "ID": "BL_eVCRhk5MT7jz3Qa", "BlockElements": [{"Type": "Question", "QuestionID": "QID6"}, {"Type": "Question", "QuestionID": "QID1"}, {"Type": "Question", "QuestionID": "QID4"}, {"Type": "Question", "QuestionID": "QID3"}, {"Type": "Question", "QuestionID": "QID5"}], "Options": {"BlockLocking": "false", "RandomizeQuestions": "false", "Looping": "Static", "LoopingOptions": {"Static": {"1": {"1": "${e://Field/code1}", "2": "1"}, "2": {"1": "${e://Field/code2}", "2": "2"}, "3": {"1": "${e://Field/code3}", "2": "3"}, "4": {"1": "${e://Field/code4}", "2": "4"}, "5": {"1": "${e://Field/code5}", "2": "5"}, "6": {"1": "${e://Field/code6}", "2": "6"}, "7": {"1": "${e://Field/code7}", "2": "7"}, "8": {"1": "${e://Field/code8}", "2": "8"}, "9": {"1": "${e://Field/code9}", "2": "9"}, "10": {"1": "${e://Field/code10}", "2": "10"}, "11": {"1": "${e://Field/code11}", "2": "11"}, "12": {"1": "${e://Field/code12}", "2": "12"}}, "Randomization": "None"}}}, {"Type": "Trash", "Description": "Trash / Unused Questions", "ID": "BL_7VfnEaTfsJshOAe", "BlockElements": [{"Type": "Question", "QuestionID": "QID2"}]}]}, {"SurveyID": "SV_9WXU1j9C0dHN5t4", "Element": "FL", "PrimaryAttribute": "Survey Flow", "SecondaryAttribute": null, "TertiaryAttribute": null, "Payload": {"Flow": [{"Type": "EmbeddedData", "FlowID": "FL_ED1", "EmbeddedData": [{"Description": "PROLIFIC_PID", "Type": "Recipient", "Field": "PROLIFIC_PID", "VariableType": "String", "DataVisibility": [], "AnalyzeText": false}, {"Description": "day", "Type": "Recipient", "Field": "day", "VariableType": "String", "DataVisibility": [], "AnalyzeText": false}, {"Description": "cc", "Type": "Recipient", "Field": "cc", "VariableType": "String", "DataVisibility": [], "AnalyzeText": false}]}, {"Type": "WebService", "FlowID": "FL_WS1", "URL": "https://postpanel-study.azurewebsites.net/api/session?pid=${e://Field/PROLIFIC_PID}&day=${e://Field/day}&token=<SESSION_TOKEN>", "Method": "GET", "RequestParams": [], "EditBodyParams": [], "Body": [], "ContentType": "application/x-www-form-urlencoded", "Headers": [], "ResponseMap": [{"key": "code1", "value": "code1"}, {"key": "code2", "value": "code2"}, {"key": "code3", "value": "code3"}, {"key": "code4", "value": "code4"}, {"key": "code5", "value": "code5"}, {"key": "code6", "value": "code6"}, {"key": "code7", "value": "code7"}, {"key": "code8", "value": "code8"}, {"key": "code9", "value": "code9"}, {"key": "code10", "value": "code10"}, {"key": "code11", "value": "code11"}, {"key": "code12", "value": "code12"}], "FireAndForget": false, "StringifyValues": true}, {"ID": "BL_eVCRhk5MT7jz3Qa", "Type": "Block", "FlowID": "FL_2"}], "Properties": {"Count": 4}, "FlowID": "FL_1", "Type": "Root"}}, {"SurveyID": "SV_9WXU1j9C0dHN5t4", "Element": "PL", "PrimaryAttribute": "Preview Link", "SecondaryAttribute": null, "TertiaryAttribute": null, "Payload": {"PreviewType": "Brand", "PreviewID": "a966e76a-595d-4722-89de-9fb35160bebe"}}, {"SurveyID": "SV_9WXU1j9C0dHN5t4", "Element": "PROJ", "PrimaryAttribute": "CORE", "SecondaryAttribute": null, "TertiaryAttribute": "1.1.0", "Payload": {"ProjectCategory": "CORE", "SchemaVersion": "1.1.0"}}, {"SurveyID": "SV_9WXU1j9C0dHN5t4", "Element": "QC", "PrimaryAttribute": "Survey Question Count", "SecondaryAttribute": "6", "TertiaryAttribute": null, "Payload": null}, {"SurveyID": "SV_9WXU1j9C0dHN5t4", "Element": "RS", "PrimaryAttribute": "RS_1U21strLC1hIXhc", "SecondaryAttribute": "Default Response Set", "TertiaryAttribute": null, "Payload": null}, {"SurveyID": "SV_9WXU1j9C0dHN5t4", "Element": "SCO", "PrimaryAttribute": "Scoring", "SecondaryAttribute": null, "TertiaryAttribute": null, "Payload": {"ScoringCategories": [], "ScoringCategoryGroups": [], "ScoringSummaryCategory": null, "ScoringSummaryAfterQuestions": 0, "ScoringSummaryAfterSurvey": 0, "DefaultScoringCategory": null, "AutoScoringCategory": null}}, {"SurveyID": "SV_9WXU1j9C0dHN5t4", "Element": "SO", "PrimaryAttribute": "Survey Options", "SecondaryAttribute": null, "TertiaryAttribute": null, "Payload": {"BackButton": "false", "SaveAndContinue": "true", "SurveyProtection": "PublicSurvey", "BallotBoxStuffingPrevention": "false", "NoIndex": "Yes", "SecureResponseFiles": "true", "SurveyExpiration": "None", "SurveyTermination": "Redirect", "Header": "", "Footer": "", "ProgressBarDisplay": "None", "PartialData": "+1 week", "ValidationMessage": "", "PreviousButton": "", "NextButton": "", "SurveyTitle": "Qualtrics Survey | Qualtrics Experience Management", "SkinLibrary": "uwashington", "SkinType": "component", "Skin": {"brandingId": "7272950157", "templateId": "*simple", "overrides": null}, "NewScoring": 1, "SurveyMetaDescription": "The most powerful, simple and trusted way to gather experience data. Start your journey to experience management and try a free account today.", "SurveyName": "Agonistic Humor - Daily Survey", "EOSRedirectURL": "https://app.prolific.com/submissions/complete?cc=${e://Field/cc}", "AnonymizeResponse": "No"}}, {"SurveyID": "SV_9WXU1j9C0dHN5t4", "Element": "SQ", "PrimaryAttribute": "QID1", "SecondaryAttribute": "Rate your agreement with the following statement: I enjoyed reading the response to this post.", "TertiaryAttribute": null, "Payload": {"QuestionText": "Rate your agreement with the following statement: I enjoyed reading the response to this post.", "DefaultChoices": false, "DataExportTag": "Q1.1", "QuestionID": "QID1", "QuestionType": "Slider", "Selector": "NumberScale", "DataVisibility": {"Private": false, "Hidden": false}, "Configuration": {"QuestionDescriptionOption": "UseText", "TextPosition": "above", "ShowValue": true, "ShowStatements": true, "StartingValue": 0, "NumScalePoints": 11, "Autoscale": {"XScale": {"Name": "agreeDisagree", "Type": "likert", "Reverse": false}}, "MobileFirst": false}, "QuestionDescription": "Rate your agreement with the following statement: I enjoyed reading the response to this post.", "Choices": {"1": {"Display": "&nbsp;"}}, "ChoiceOrder": [1], "Validation": {"Settings": {"ForceResponse": "ON", "ForceResponseType": "ON", "Type": "None"}}, "GradingData": [], "Language": [], "NextChoiceId": 2, "NextAnswerId": 4, "Labels": {"1": {"Display": "Strongly disagree"}, "2": {"Display": "Neither agree nor disagree"}, "3": {"Display": "Strongly agree"}}, "ChoiceDataExportTags": false}}, {"SurveyID": "SV_9WXU1j9C0dHN5t4", "Element": "SQ", "PrimaryAttribute": "QID2", "SecondaryAttribute": "Click to write the question text", "TertiaryAttribute": null, "Payload": {"QuestionText": "Click to write the question text", "DefaultChoices": false, "DataExportTag": "Q2", "QuestionType": "Slider", "Selector": "NumberScale", "DataVisibility": {"Private": false, "Hidden": false}, "Configuration": {"QuestionDescriptionOption": "UseText", "TextPosition": "above", "ShowValue": true, "ShowStatements": true, "StartingValue": 0, "NumScalePoints": 11}, "QuestionDescription": "Click to write the question text", "Choices": {"1": {"Display": "Click to write Choice 1"}, "2": {"Display": "Click to write Choice 2"}, "3": {"Display": "Click to write Choice 3"}}, "ChoiceOrder": ["1", "2", "3"], "Validation": {"Settings": {"ForceResponse": "OFF", "Type": "None"}}, "GradingData": [], "Language": [], "NextChoiceId": 4, "NextAnswerId": 1, "Labels": [], "ChoiceDataExportTags": false, "QuestionID": "QID2"}}, {"SurveyID": "SV_9WXU1j9C0dHN5t4", "Element": "SQ", "PrimaryAttribute": "QID3", "SecondaryAttribute": "Rate your agreement with the following statement: The response to this post was informative.", "TertiaryAttribute": null, "Payload": {"QuestionText": "Rate your agreement with the following statement: The response to this post was informative.", "DefaultChoices": false, "DataExportTag": "Q1.3", "QuestionType": "Slider", "Selector": "NumberScale", "DataVisibility": {"Private": false, "Hidden": false}, "Configuration": {"QuestionDescriptionOption": "UseText", "TextPosition": "above", "Autoscale": {"XScale": {"Name": "agreeDisagree", "Type": "likert", "Reverse": false}}, "ShowValue": true, "MobileFirst": false, "ShowStatements": true, "StartingValue": 0, "NumScalePoints": 11}, "QuestionDescription": "Rate your agreement with the following statement: The response to this post was informative.", "Choices": {"1": {"Display": "&nbsp;"}}, "ChoiceOrder": [1], "Validation": {"Settings": {"ForceResponse": "ON", "ForceResponseType": "ON", "Type": "None"}}, "GradingData": [], "Language": [], "NextChoiceId": 2, "NextAnswerId": 4, "Labels": {"1": {"Display": "Strongly disagree"}, "2": {"Display": "Neither agree nor disagree"}, "3": {"Display": "Strongly agree"}}, "ChoiceDataExportTags": false, "QuestionID": "QID3"}}, {"SurveyID": "SV_9WXU1j9C0dHN5t4", "Element": "SQ", "PrimaryAttribute": "QID4", "SecondaryAttribute": "To help us validate survey data, please select \"No\" in response to this question.", "TertiaryAttribute": null, "Payload": {"QuestionText": "To help us validate survey data, please select \"No\" in response to this question.", "DefaultChoices": false, "DataExportTag": "Q1.2", "QuestionType": "MC", "Selector": "SAVR", "SubSelector": "TX", "DataVisibility": {"Private": false, "Hidden": false}, "Configuration": {"QuestionDescriptionOption": "UseText", "Autoscale": {"YScale": {"Name": "yesNo", "Type": "likert", "Reverse": true}}}, "QuestionDescription": "To help us validate survey data, please select \"No\" in response to this question.", "Choices": {"1": {"Display": "Yes"}, "2": {"Display": "Maybe"}, "3": {"Display": "No"}}, "ChoiceOrder": ["1", "2", "3"], "Validation": {"Settings": {"ForceResponse": "ON", "ForceResponseType": "ON", "Type": "None"}}, "GradingData": [], "Language": [], "NextChoiceId": 4, "NextAnswerId": 1, "QuestionID": "QID4"}}, {"SurveyID": "SV_9WXU1j9C0dHN5t4", "Element": "SQ", "PrimaryAttribute": "QID5", "SecondaryAttribute": "Rate your agreement with the following statement: I was satisfied with the quality of response to...", "TertiaryAttribute": null, "Payload": {"QuestionText": "Rate your agreement with the following statement: I was satisfied with the quality of response to this post.", "DefaultChoices": false, "DataExportTag": "Q1.4", "QuestionType": "Slider", "Selector": "NumberScale", "DataVisibility": {"Private": false, "Hidden": false}, "Configuration": {"QuestionDescriptionOption": "UseText", "TextPosition": "above", "ShowValue": true, "ShowStatements": true, "StartingValue": 0, "NumScalePoints": 11, "MobileFirst": false}, "QuestionDescription": "Rate your agreement with the following statement: I was satisfied with the quality of response to...", "Choices": {"1": {"Display": "&nbsp;"}}, "ChoiceOrder": [1], "Validation": {"Settings": {"ForceResponse": "ON", "ForceResponseType": "ON", "Type": "None"}}, "GradingData": [], "Language": [], "NextChoiceId": 2, "NextAnswerId": 4, "Labels": {"1": {"Display": "Strongly disagree"}, "2": {"Display": "Neither agree nor disagree"}, "3": {"Display": "Strongly agree"}}, "ChoiceDataExportTags": false, "QuestionID": "QID5"}}, {"SurveyID": "SV_9WXU1j9C0dHN5t4", "Element": "SQ", "PrimaryAttribute": "QID6", "SecondaryAttribute": "Post ${lm://Field/1}", "TertiaryAttribute": null, "Payload": {"QuestionText": "<div style=\"text-align:center;font-size:0.9em;color:#555;margin-bottom:6px\">Post ${lm://Field/2} of 12 &mdash; please read the post and the replies below it, then answer the questions.</div><iframe src=\"https://postpanel-study.azurewebsites.net/?v=${lm://Field/1}&amp;pid=${e://Field/PROLIFIC_PID}&amp;day=${e://Field/day}\" style=\"width:100%;min-width:900px;height:820px;border:0;overflow:hidden\" title=\"Post\"></iframe>", "DefaultChoices": false, "DataExportTag": "Title", "QuestionID": "QID6", "QuestionType": "DB", "Selector": "TB", "DataVisibility": {"Private": false, "Hidden": false}, "Configuration": {"QuestionDescriptionOption": "UseText"}, "QuestionDescription": "Post ${lm://Field/1}", "ChoiceOrder": [], "Validation": {"Settings": {"Type": "None"}}, "GradingData": [], "Language": [], "NextChoiceId": 4, "NextAnswerId": 1}}, {"SurveyID": "SV_9WXU1j9C0dHN5t4", "Element": "STAT", "PrimaryAttribute": "Survey Statistics", "SecondaryAttribute": null, "TertiaryAttribute": null, "Payload": {"MobileCompatible": false, "ID": "Survey Statistics"}}]}